{
  "lockfileVersion": 1,
  "configVersion": 0,
  "workspaces": {
    "": {
      "name": "bvisor",
      "dependencies": {
        "detect-libc": "^2.0.3",
      },
      "devDependencies": {
        "@types/node": "^25.2.0",
        "typescript": "^5.0.0",
      },
      "optionalDependencies": {
        "@bvisor/linux-arm64-gnu": "0.0.1",
        "@bvisor/linux-arm64-musl": "0.0.1",
        "@bvisor/linux-x64-gnu": "0.0.1",
        "@bvisor/linux-x64-musl": "0.0.1",
      },
    },
  },
  "packages": {
    "@bvisor/linux-arm64-gnu": ["@bvisor/linux-arm64-gnu@0.0.1", "", { "os": "linux", "cpu": "arm64" }, "sha512-vVYnos8Tap3vcZTC+WMvuZhkTMDG0JM3PIvIhSfybp1eouLTR0ML615cz4EQxaX+r7dnlEjedbZ96RshQoi9jQ=="],

    "@bvisor/linux-arm64-musl": ["@bvisor/linux-arm64-musl@0.0.1", "", { "os": "linux", "cpu": "arm64" }, "sha512-oKY5alLSxIR6EPAWle2eI7Ac/jgmliJCUkrVhHMBLHaYW4vdZvB5ClwN6DGSj4rV27t0i1Pbvu89ZKoNspVMDw=="],

    "@bvisor/linux-x64-gnu": ["@bvisor/linux-x64-gnu@0.0.1", "", { "os": "linux", "cpu": "x64" }, "sha512-pUQMLK13IYQ7YHUVEY1fcLDmpeSP7sYkV9c4u2z662HPl1TcbirHBVGVk1KoKmtoE9br90HY9HPmBZtEF/VEDA=="],

    "@bvisor/linux-x64-musl": ["@bvisor/linux-x64-musl@0.0.1", "", { "os": "linux", "cpu": "x64" }, "sha512-RQG6YsaeS+IK6u8lvjy0vMQUzcZaVFrlilCsqpbfJdj7p1jauRbgVrP2SrrFT00aPIitHOd+ayFZZgEtBtgiYw=="],

    "@types/node": ["@types/node@25.2.0", "", { "dependencies": { "undici-types": "~7.16.0" } }, "sha512-DZ8VwRFUNzuqJ5khrvwMXHmvPe+zGayJhr2CDNiKB1WBE1ST8Djl00D0IC4vvNmHMdj6DlbYRIaFE7WHjlDl5w=="],

    "detect-libc": ["detect-libc@2.1.2", "", {}, "sha512-Btj2BOOO83o3WyH59e8MgXsxEQVcarkUOpEYrubB0urwnN10yQ364rsiByU11nZlqWYZm05i/of7io4mzihBtQ=="],

    "typescript": ["typescript@5.9.3", "", { "bin": { "tsc": "bin/tsc", "tsserver": "bin/tsserver" } }, "sha512-jl1vZzPDinLr9eUt3J/t7V6FgNEw9QjvBPdysz9KfQDD41fQrC2Y4vKQdiaUpFT4bXlb1RHhLpp8wtm6M5TgSw=="],

    "undici-types": ["undici-types@7.16.0", "", {}, "sha512-Zz+aZWSj8LE6zoxD+xrjh4VfkIG8Ya6LvYkZqtUQGJPZjYl53ypCaUwWqo7eI0x66KBGeRo+mlBEkMSeSZ38Nw=="],
  }
}
